uuid: 0cc3b97e-466f-4c91-b1c7-18df15776e01
langcode: en
status: true
dependencies:
  module:
    - commerce_order
_core:
  default_config_hash: ng8Uf3QSG-ylkOmr0Q3KTBqUh4rf0cswHb5W6Ca7tD4
id: commerce_order_unlock
label: 'Unlock order'
type: commerce_order
plugin: commerce_order_unlock
configuration: {  }
